
Microsoft Visual Studio Solution File, Format Version 12.00
# Visual Studio Version 17
VisualStudioVersion = 17.2.32630.192
MinimumVisualStudioVersion = 10.0.40219.1
Project("{FAE04EC0-301F-11D3-BF4B-00C04F79EFBC}") = "BlogSayfa", "BlogSayfa\BlogSayfa.csproj", "{606E3A58-0154-4E4E-B62E-759A2FA9C474}"
EndProject
Global
	GlobalSection(SolutionConfigurationPlatforms) = preSolution
		Debug|Any CPU = Debug|Any CPU
		Release|Any CPU = Release|Any CPU
	EndGlobalSection
	GlobalSection(ProjectConfigurationPlatforms) = postSolution
		{606E3A58-0154-4E4E-B62E-759A2FA9C474}.Debug|Any CPU.ActiveCfg = Debug|Any CPU
		{606E3A58-0154-4E4E-B62E-759A2FA9C474}.Debug|Any CPU.Build.0 = Debug|Any CPU
		{606E3A58-0154-4E4E-B62E-759A2FA9C474}.Release|Any CPU.ActiveCfg = Release|Any CPU
		{606E3A58-0154-4E4E-B62E-759A2FA9C474}.Release|Any CPU.Build.0 = Release|Any CPU
	EndGlobalSection
	GlobalSection(SolutionProperties) = preSolution
		HideSolutionNode = FALSE
	EndGlobalSection
	GlobalSection(ExtensibilityGlobals) = postSolution
		SolutionGuid = {A7D40FA1-FA5B-4498-B7D5-0DA95F82AEEB}
	EndGlobalSection
EndGlobal
