
Microsoft Visual Studio Solution File, Format Version 12.00
# Visual Studio Version 17
VisualStudioVersion = 17.3.32929.385
MinimumVisualStudioVersion = 10.0.40219.1
Project("{FAE04EC0-301F-11D3-BF4B-00C04F79EFBC}") = "MvcOdev", "MvcOdev.csproj", "{2DD27905-D5AE-4354-8E4B-F3BB0F773503}"
EndProject
Global
	GlobalSection(SolutionConfigurationPlatforms) = preSolution
		Debug|Any CPU = Debug|Any CPU
		Release|Any CPU = Release|Any CPU
	EndGlobalSection
	GlobalSection(ProjectConfigurationPlatforms) = postSolution
		{2DD27905-D5AE-4354-8E4B-F3BB0F773503}.Debug|Any CPU.ActiveCfg = Debug|Any CPU
		{2DD27905-D5AE-4354-8E4B-F3BB0F773503}.Debug|Any CPU.Build.0 = Debug|Any CPU
		{2DD27905-D5AE-4354-8E4B-F3BB0F773503}.Release|Any CPU.ActiveCfg = Release|Any CPU
		{2DD27905-D5AE-4354-8E4B-F3BB0F773503}.Release|Any CPU.Build.0 = Release|Any CPU
	EndGlobalSection
	GlobalSection(SolutionProperties) = preSolution
		HideSolutionNode = FALSE
	EndGlobalSection
	GlobalSection(ExtensibilityGlobals) = postSolution
		SolutionGuid = {78F5234E-816A-4D09-B217-AC376C6656EB}
	EndGlobalSection
EndGlobal
