
Microsoft Visual Studio Solution File, Format Version 12.00
# Visual Studio Version 17
VisualStudioVersion = 17.2.32630.192
MinimumVisualStudioVersion = 10.0.40219.1
Project("{FAE04EC0-301F-11D3-BF4B-00C04F79EFBC}") = "TemaKullanimOrnegi", "TemaKullanimOrnegi\TemaKullanimOrnegi.csproj", "{87A6FF07-B7CB-42A3-9AB4-3D2C7EB7D155}"
EndProject
Global
	GlobalSection(SolutionConfigurationPlatforms) = preSolution
		Debug|Any CPU = Debug|Any CPU
		Release|Any CPU = Release|Any CPU
	EndGlobalSection
	GlobalSection(ProjectConfigurationPlatforms) = postSolution
		{87A6FF07-B7CB-42A3-9AB4-3D2C7EB7D155}.Debug|Any CPU.ActiveCfg = Debug|Any CPU
		{87A6FF07-B7CB-42A3-9AB4-3D2C7EB7D155}.Debug|Any CPU.Build.0 = Debug|Any CPU
		{87A6FF07-B7CB-42A3-9AB4-3D2C7EB7D155}.Release|Any CPU.ActiveCfg = Release|Any CPU
		{87A6FF07-B7CB-42A3-9AB4-3D2C7EB7D155}.Release|Any CPU.Build.0 = Release|Any CPU
	EndGlobalSection
	GlobalSection(SolutionProperties) = preSolution
		HideSolutionNode = FALSE
	EndGlobalSection
	GlobalSection(ExtensibilityGlobals) = postSolution
		SolutionGuid = {49179000-3A54-4A54-A7A1-7BBBA135D403}
	EndGlobalSection
EndGlobal
