
Microsoft Visual Studio Solution File, Format Version 12.00
# Visual Studio Version 17
VisualStudioVersion = 17.4.33205.214
MinimumVisualStudioVersion = 10.0.40219.1
Project("{FAE04EC0-301F-11D3-BF4B-00C04F79EFBC}") = "FutbolcuTakim", "FutbolcuTakim\FutbolcuTakim.csproj", "{4FA2949E-7189-4576-A169-44E70259B236}"
EndProject
Global
	GlobalSection(SolutionConfigurationPlatforms) = preSolution
		Debug|Any CPU = Debug|Any CPU
		Release|Any CPU = Release|Any CPU
	EndGlobalSection
	GlobalSection(ProjectConfigurationPlatforms) = postSolution
		{4FA2949E-7189-4576-A169-44E70259B236}.Debug|Any CPU.ActiveCfg = Debug|Any CPU
		{4FA2949E-7189-4576-A169-44E70259B236}.Debug|Any CPU.Build.0 = Debug|Any CPU
		{4FA2949E-7189-4576-A169-44E70259B236}.Release|Any CPU.ActiveCfg = Release|Any CPU
		{4FA2949E-7189-4576-A169-44E70259B236}.Release|Any CPU.Build.0 = Release|Any CPU
	EndGlobalSection
	GlobalSection(SolutionProperties) = preSolution
		HideSolutionNode = FALSE
	EndGlobalSection
	GlobalSection(ExtensibilityGlobals) = postSolution
		SolutionGuid = {92A360C5-8DA5-4058-AEE8-1364DA69F61D}
	EndGlobalSection
EndGlobal
