
Microsoft Visual Studio Solution File, Format Version 12.00
# Visual Studio Version 17
VisualStudioVersion = 17.4.33205.214
MinimumVisualStudioVersion = 10.0.40219.1
Project("{FAE04EC0-301F-11D3-BF4B-00C04F79EFBC}") = "UrunOrnek", "UrunOrnek\UrunOrnek.csproj", "{56E03F04-5FFB-4573-8547-DD6FC8AE093E}"
EndProject
Global
	GlobalSection(SolutionConfigurationPlatforms) = preSolution
		Debug|Any CPU = Debug|Any CPU
		Release|Any CPU = Release|Any CPU
	EndGlobalSection
	GlobalSection(ProjectConfigurationPlatforms) = postSolution
		{56E03F04-5FFB-4573-8547-DD6FC8AE093E}.Debug|Any CPU.ActiveCfg = Debug|Any CPU
		{56E03F04-5FFB-4573-8547-DD6FC8AE093E}.Debug|Any CPU.Build.0 = Debug|Any CPU
		{56E03F04-5FFB-4573-8547-DD6FC8AE093E}.Release|Any CPU.ActiveCfg = Release|Any CPU
		{56E03F04-5FFB-4573-8547-DD6FC8AE093E}.Release|Any CPU.Build.0 = Release|Any CPU
	EndGlobalSection
	GlobalSection(SolutionProperties) = preSolution
		HideSolutionNode = FALSE
	EndGlobalSection
	GlobalSection(ExtensibilityGlobals) = postSolution
		SolutionGuid = {88947130-14E2-4F8F-8B8D-AB31AE44CBF7}
	EndGlobalSection
EndGlobal
