
Microsoft Visual Studio Solution File, Format Version 12.00
# Visual Studio Version 17
VisualStudioVersion = 17.2.32630.192
MinimumVisualStudioVersion = 10.0.40219.1
Project("{FAE04EC0-301F-11D3-BF4B-00C04F79EFBC}") = "MvcOgrenmeUygulamasi", "MvcOgrenmeUygulamasi\MvcOgrenmeUygulamasi.csproj", "{6CAC0BDC-2E00-4332-B0B0-DD29E2744B61}"
EndProject
Global
	GlobalSection(SolutionConfigurationPlatforms) = preSolution
		Debug|Any CPU = Debug|Any CPU
		Release|Any CPU = Release|Any CPU
	EndGlobalSection
	GlobalSection(ProjectConfigurationPlatforms) = postSolution
		{6CAC0BDC-2E00-4332-B0B0-DD29E2744B61}.Debug|Any CPU.ActiveCfg = Debug|Any CPU
		{6CAC0BDC-2E00-4332-B0B0-DD29E2744B61}.Debug|Any CPU.Build.0 = Debug|Any CPU
		{6CAC0BDC-2E00-4332-B0B0-DD29E2744B61}.Release|Any CPU.ActiveCfg = Release|Any CPU
		{6CAC0BDC-2E00-4332-B0B0-DD29E2744B61}.Release|Any CPU.Build.0 = Release|Any CPU
	EndGlobalSection
	GlobalSection(SolutionProperties) = preSolution
		HideSolutionNode = FALSE
	EndGlobalSection
	GlobalSection(ExtensibilityGlobals) = postSolution
		SolutionGuid = {42C6A734-3556-44F8-9453-464C2929BBFF}
	EndGlobalSection
EndGlobal
