
Microsoft Visual Studio Solution File, Format Version 12.00
# Visual Studio Version 17
VisualStudioVersion = 17.2.32630.192
MinimumVisualStudioVersion = 10.0.40219.1
Project("{FAE04EC0-301F-11D3-BF4B-00C04F79EFBC}") = "BlogSayfam", "BlogSayfam\BlogSayfam.csproj", "{334013C4-447B-4689-B9CB-87E633564E07}"
EndProject
Global
	GlobalSection(SolutionConfigurationPlatforms) = preSolution
		Debug|Any CPU = Debug|Any CPU
		Release|Any CPU = Release|Any CPU
	EndGlobalSection
	GlobalSection(ProjectConfigurationPlatforms) = postSolution
		{334013C4-447B-4689-B9CB-87E633564E07}.Debug|Any CPU.ActiveCfg = Debug|Any CPU
		{334013C4-447B-4689-B9CB-87E633564E07}.Debug|Any CPU.Build.0 = Debug|Any CPU
		{334013C4-447B-4689-B9CB-87E633564E07}.Release|Any CPU.ActiveCfg = Release|Any CPU
		{334013C4-447B-4689-B9CB-87E633564E07}.Release|Any CPU.Build.0 = Release|Any CPU
	EndGlobalSection
	GlobalSection(SolutionProperties) = preSolution
		HideSolutionNode = FALSE
	EndGlobalSection
	GlobalSection(ExtensibilityGlobals) = postSolution
		SolutionGuid = {0A212C46-180C-4B6D-B1E3-A891F24C635E}
	EndGlobalSection
EndGlobal
